# This file is autogenerated, do not edit; changes may be undone by the next 'dep ensure'.


[[projects]]
  branch = "master"
  name = "github.com/zpatrick/go-parser"
  packages = ["."]
  revision = "7396665de2a425d4f343017a7099b1470b23eb02"

[solve-meta]
  analyzer-name = "dep"
  analyzer-version = 1
  inputs-digest = "4c95583e3e1377b6d8c8fffbbea502b464794325513be2cd72e8943c5d0dd235"
  solver-name = "gps-cdcl"
  solver-version = 1
